
Microsoft Visual Studio Solution File, Format Version 12.00
# Visual Studio Version 16
VisualStudioVersion = 16.0.29613.14
MinimumVisualStudioVersion = 10.0.40219.1
Project("{FAE04EC0-301F-11D3-BF4B-00C04F79EFBC}") = "Id.Overview.Mvc", "Id.Overview.Mvc\Id.Overview.Mvc.csproj", "{3F66A365-DB2C-4EB6-A364-FB2EB1172C99}"
EndProject
Global
	GlobalSection(SolutionConfigurationPlatforms) = preSolution
		Debug|Any CPU = Debug|Any CPU
		Release|Any CPU = Release|Any CPU
	EndGlobalSection
	GlobalSection(ProjectConfigurationPlatforms) = postSolution
		{3F66A365-DB2C-4EB6-A364-FB2EB1172C99}.Debug|Any CPU.ActiveCfg = Debug|Any CPU
		{3F66A365-DB2C-4EB6-A364-FB2EB1172C99}.Debug|Any CPU.Build.0 = Debug|Any CPU
		{3F66A365-DB2C-4EB6-A364-FB2EB1172C99}.Release|Any CPU.ActiveCfg = Release|Any CPU
		{3F66A365-DB2C-4EB6-A364-FB2EB1172C99}.Release|Any CPU.Build.0 = Release|Any CPU
	EndGlobalSection
	GlobalSection(SolutionProperties) = preSolution
		HideSolutionNode = FALSE
	EndGlobalSection
	GlobalSection(ExtensibilityGlobals) = postSolution
		SolutionGuid = {A043170C-0A64-4A89-BB13-82545111BE9A}
	EndGlobalSection
EndGlobal
